
Microsoft Visual Studio Solution File, Format Version 12.00
# Visual Studio Version 16
VisualStudioVersion = 16.0.35026.282
MinimumVisualStudioVersion = 10.0.40219.1
Project("{FAE04EC0-301F-11D3-BF4B-00C04F79EFBC}") = "HW4_Book", "HW4_Book.csproj", "{730B17EF-0C36-4E00-96AF-F13AA4CB9B04}"
EndProject
Global
	GlobalSection(SolutionConfigurationPlatforms) = preSolution
		Debug|Any CPU = Debug|Any CPU
		Release|Any CPU = Release|Any CPU
	EndGlobalSection
	GlobalSection(ProjectConfigurationPlatforms) = postSolution
		{730B17EF-0C36-4E00-96AF-F13AA4CB9B04}.Debug|Any CPU.ActiveCfg = Debug|Any CPU
		{730B17EF-0C36-4E00-96AF-F13AA4CB9B04}.Debug|Any CPU.Build.0 = Debug|Any CPU
		{730B17EF-0C36-4E00-96AF-F13AA4CB9B04}.Release|Any CPU.ActiveCfg = Release|Any CPU
		{730B17EF-0C36-4E00-96AF-F13AA4CB9B04}.Release|Any CPU.Build.0 = Release|Any CPU
	EndGlobalSection
	GlobalSection(SolutionProperties) = preSolution
		HideSolutionNode = FALSE
	EndGlobalSection
	GlobalSection(ExtensibilityGlobals) = postSolution
		SolutionGuid = {27EB4C0D-CDA8-42A5-AAE9-5CBAF62CEC37}
	EndGlobalSection
EndGlobal
